
Microsoft Visual Studio Solution File, Format Version 12.00
# Visual Studio 15
VisualStudioVersion = 15.0.28307.421
MinimumVisualStudioVersion = 10.0.40219.1
Project("{FAE04EC0-301F-11D3-BF4B-00C04F79EFBC}") = "apiBooksStore", "apiBooksStore\apiBooksStore.csproj", "{C2602216-C7B8-4B83-A968-035201DF0D9C}"
EndProject
Global
	GlobalSection(SolutionConfigurationPlatforms) = preSolution
		Debug|Any CPU = Debug|Any CPU
		Release|Any CPU = Release|Any CPU
	EndGlobalSection
	GlobalSection(ProjectConfigurationPlatforms) = postSolution
		{C2602216-C7B8-4B83-A968-035201DF0D9C}.Debug|Any CPU.ActiveCfg = Debug|Any CPU
		{C2602216-C7B8-4B83-A968-035201DF0D9C}.Debug|Any CPU.Build.0 = Debug|Any CPU
		{C2602216-C7B8-4B83-A968-035201DF0D9C}.Release|Any CPU.ActiveCfg = Release|Any CPU
		{C2602216-C7B8-4B83-A968-035201DF0D9C}.Release|Any CPU.Build.0 = Release|Any CPU
	EndGlobalSection
	GlobalSection(SolutionProperties) = preSolution
		HideSolutionNode = FALSE
	EndGlobalSection
	GlobalSection(ExtensibilityGlobals) = postSolution
		SolutionGuid = {DA32995E-F163-4EB3-94C2-6042D8940A84}
	EndGlobalSection
EndGlobal
